
Microsoft Visual Studio Solution File, Format Version 12.00
# Visual Studio Version 17
VisualStudioVersion = 17.11.35327.3
MinimumVisualStudioVersion = 10.0.40219.1
Project("{9A19103F-16F7-4668-BE54-9A1E7A4F7556}") = "ConsoleAppTriangulo", "ConsoleAppTriangulo.csproj", "{F8E5DB3A-E54B-47D4-B321-719F7CA8F880}"
EndProject
Global
	GlobalSection(SolutionConfigurationPlatforms) = preSolution
		Debug|Any CPU = Debug|Any CPU
		Release|Any CPU = Release|Any CPU
	EndGlobalSection
	GlobalSection(ProjectConfigurationPlatforms) = postSolution
		{F8E5DB3A-E54B-47D4-B321-719F7CA8F880}.Debug|Any CPU.ActiveCfg = Debug|Any CPU
		{F8E5DB3A-E54B-47D4-B321-719F7CA8F880}.Debug|Any CPU.Build.0 = Debug|Any CPU
		{F8E5DB3A-E54B-47D4-B321-719F7CA8F880}.Release|Any CPU.ActiveCfg = Release|Any CPU
		{F8E5DB3A-E54B-47D4-B321-719F7CA8F880}.Release|Any CPU.Build.0 = Release|Any CPU
	EndGlobalSection
	GlobalSection(SolutionProperties) = preSolution
		HideSolutionNode = FALSE
	EndGlobalSection
	GlobalSection(ExtensibilityGlobals) = postSolution
		SolutionGuid = {E0E00927-8BD8-41F7-8EE9-D6A0425F5922}
	EndGlobalSection
EndGlobal
